{
  "name": "@rtbnext/core",
  "version": "2.0.0-alpha.1",
  "lockfileVersion": 3,
  "requires": true,
  "packages": {
    "": {
      "name": "@rtbnext/core",
      "version": "2.0.0-alpha.1",
      "license": "MIT",
      "dependencies": {
        "@rtbnext/schema": "^2.0.0-alpha.1"
      }
    },
    "node_modules/@rtbnext/schema": {
      "version": "2.0.0-alpha.1",
      "resolved": "https://registry.npmjs.org/@rtbnext/schema/-/schema-2.0.0-alpha.1.tgz",
      "integrity": "sha512-xf/WOep4jJgk3eL+NuoH/ye5l+aniDZyYQJPcm7vRg3Gzx+kon/d4GqJud8UAqPdjUoi60QLCohMFEcgIxjReA==",
      "license": "MIT",
      "dependencies": {
        "devtypes": "^2.2.0"
      }
    },
    "node_modules/devtypes": {
      "version": "2.2.0",
      "resolved": "https://registry.npmjs.org/devtypes/-/devtypes-2.2.0.tgz",
      "integrity": "sha512-oGO6cBSiZz66dZMJEWwanOGekgJqmkr9aAGQFxTlvWwTuLOincQp366rJD1gZNhmRq9xYJDgeB86cPJxq+dz0w==",
      "license": "MIT",
      "engines": {
        "node": ">=18.0.0"
      }
    }
  }
}
